Microsoft Visual Studio Solution File, Format Version 12.00
# Visual Studio Version 17
VisualStudioVersion = 17.5.2.0
MinimumVisualStudioVersion = 10.0.40219.1
Project("{FAE04EC0-301F-11D3-BF4B-00C04F79EFBC}") = "MusicShoppingCartMvcUI", "MusicShoppingCartMvcUI.csproj", "{1982ED3A-912C-2777-F388-42E843E63665}"
EndProject
Global
	GlobalSection(SolutionConfigurationPlatforms) = preSolution
		Debug|Any CPU = Debug|Any CPU
		Release|Any CPU = Release|Any CPU
	EndGlobalSection
	GlobalSection(ProjectConfigurationPlatforms) = postSolution
		{1982ED3A-912C-2777-F388-42E843E63665}.Debug|Any CPU.ActiveCfg = Debug|Any CPU
		{1982ED3A-912C-2777-F388-42E843E63665}.Debug|Any CPU.Build.0 = Debug|Any CPU
		{1982ED3A-912C-2777-F388-42E843E63665}.Release|Any CPU.ActiveCfg = Release|Any CPU
		{1982ED3A-912C-2777-F388-42E843E63665}.Release|Any CPU.Build.0 = Release|Any CPU
	EndGlobalSection
	GlobalSection(SolutionProperties) = preSolution
		HideSolutionNode = FALSE
	EndGlobalSection
	GlobalSection(ExtensibilityGlobals) = postSolution
		SolutionGuid = {D1A73E51-DCEC-4044-9DED-27934E5F941E}
	EndGlobalSection
EndGlobal
